github.com/DataDog/zstd v1.5.5 h1:oWf5W7GtOLgp6bciQYDmhHHjdhYkALu6S/5Ni9ZgSvQ=
github.com/DataDog/zstd v1.5.5/go.mod h1:g4AWEaM3yOg3HYfnJ3YIawPnVdXJh9QME85blwSAmyw=
github.com/bool64/dev v0.2.27 h1:mFT+B74mFVgUeUmm/EbfM6ELPA55lEXBjQ/AOHCwCOc=
github.com/bool64/dev v0.2.27/go.mod h1:iJbh1y/HkunEPhgebWRNcs8wfGq7sjvJ6W5iabL8ACg=
github.com/bool64/progress v0.1.3 h1:tW/kDAa0AuOkLBfv9qZyDuqqLgcluyRLDdrTGfqGI9Q=
github.com/bool64/progress v0.1.3/go.mod h1:XwIA2+r2sEKxIRa6TFR0FqD3GHt0wz4dk4IL5CwbuKo=
github.com/klauspost/compress v1.16.5 h1:IFV2oUNUzZaz+XyusxpLzpzS8Pt5rh0Z16For/djlyI=
github.com/klauspost/compress v1.16.5/go.mod h1:ntbaceVETuRiXiv4DpjP66DpAtAGkEQskQzEyD//IeE=
github.com/klauspost/pgzip v1.2.5 h1:qnWYvvKqedOF2ulHpMG72XQol4ILEJ8k2wwRl/Km8oE=
github.com/klauspost/pgzip v1.2.5/go.mod h1:Ch1tH69qFZu15pkjo5kYi6mth2Zzwzt50oCQKQE9RUs=
